
Microsoft Visual Studio Solution File, Format Version 12.00
# Visual Studio Version 17
VisualStudioVersion = 17.6.33815.320
MinimumVisualStudioVersion = 10.0.40219.1
Project("{8BC9CEB8-8B4A-11D0-8D11-00A0C91BC942}") = "Diagonal", "Diagonal.vcxproj", "{4C4ECA92-C360-4BFE-B8EC-AAB65B8479B0}"
EndProject
Global
	GlobalSection(SolutionConfigurationPlatforms) = preSolution
		Debug|x64 = Debug|x64
		Debug|x86 = Debug|x86
		Release|x64 = Release|x64
		Release|x86 = Release|x86
	EndGlobalSection
	GlobalSection(ProjectConfigurationPlatforms) = postSolution
		{4C4ECA92-C360-4BFE-B8EC-AAB65B8479B0}.Debug|x64.ActiveCfg = Debug|x64
		{4C4ECA92-C360-4BFE-B8EC-AAB65B8479B0}.Debug|x64.Build.0 = Debug|x64
		{4C4ECA92-C360-4BFE-B8EC-AAB65B8479B0}.Debug|x86.ActiveCfg = Debug|Win32
		{4C4ECA92-C360-4BFE-B8EC-AAB65B8479B0}.Debug|x86.Build.0 = Debug|Win32
		{4C4ECA92-C360-4BFE-B8EC-AAB65B8479B0}.Release|x64.ActiveCfg = Release|x64
		{4C4ECA92-C360-4BFE-B8EC-AAB65B8479B0}.Release|x64.Build.0 = Release|x64
		{4C4ECA92-C360-4BFE-B8EC-AAB65B8479B0}.Release|x86.ActiveCfg = Release|Win32
		{4C4ECA92-C360-4BFE-B8EC-AAB65B8479B0}.Release|x86.Build.0 = Release|Win32
	EndGlobalSection
	GlobalSection(SolutionProperties) = preSolution
		HideSolutionNode = FALSE
	EndGlobalSection
	GlobalSection(ExtensibilityGlobals) = postSolution
		SolutionGuid = {33BE9FC7-696E-498D-ABD9-D7DF03784DDF}
	EndGlobalSection
EndGlobal
